
Microsoft Visual Studio Solution File, Format Version 12.00
# Visual Studio 14
VisualStudioVersion = 14.0.25420.1
MinimumVisualStudioVersion = 10.0.40219.1
Project("{FAE04EC0-301F-11D3-BF4B-00C04F79EFBC}") = "PVAutomation", "PVAutomation\PVAutomation.csproj", "{EC214CA3-0A39-42A6-9F6F-F8917E3EB14C}"
EndProject
Project("{2150E333-8FDC-42A3-9474-1A3956D46DE8}") = "GeneratorPlugins", "GeneratorPlugins", "{7D1DE547-C2A7-495D-AD8E-D43F8287B936}"
EndProject
Project("{FAE04EC0-301F-11D3-BF4B-00C04F79EFBC}") = "GuangMingRegularQuarterlyReports", "GuangMingRegularQuarterlyReports\GuangMingRegularQuarterlyReports.csproj", "{E6E6DF3A-029B-4510-B986-6FD9E1841838}"
EndProject
Project("{FAE04EC0-301F-11D3-BF4B-00C04F79EFBC}") = "PluginInterfaces", "PluginInterfaces\PluginInterfaces.csproj", "{58F56B42-26B4-41FF-822C-CB4E756B0D25}"
EndProject
Project("{2150E333-8FDC-42A3-9474-1A3956D46DE8}") = "Tools", "Tools", "{6573D41C-1250-4F62-9F47-246D32D314B9}"
EndProject
Project("{FAE04EC0-301F-11D3-BF4B-00C04F79EFBC}") = "PPTViewer", "PPTViewer\PPTViewer.csproj", "{91C318D0-B04D-40D5-99D4-AB0BB4F9AE42}"
EndProject
Project("{FAE04EC0-301F-11D3-BF4B-00C04F79EFBC}") = "PPTAutomation", "PPTAutomation\PPTAutomation.csproj", "{105AB71C-856C-4A46-96A4-1D61E9358F66}"
EndProject
Project("{FAE04EC0-301F-11D3-BF4B-00C04F79EFBC}") = "ExcelAutomation", "ExcelAutomation\ExcelAutomation.csproj", "{C1292FC5-3C47-41D4-8B6F-DCA83B5923F3}"
EndProject
Project("{2150E333-8FDC-42A3-9474-1A3956D46DE8}") = "Automation", "Automation", "{7E673709-934C-431E-A333-B4B5B0B1F6FA}"
EndProject
Project("{2150E333-8FDC-42A3-9474-1A3956D46DE8}") = "Solution Items", "Solution Items", "{D35E3BC3-3F63-4F62-BE5A-333BABFF7FF1}"
	ProjectSection(SolutionItems) = preProject
		README.md = README.md
	EndProjectSection
EndProject
Global
	GlobalSection(SolutionConfigurationPlatforms) = preSolution
		Debug|Any CPU = Debug|Any CPU
		Release|Any CPU = Release|Any CPU
	EndGlobalSection
	GlobalSection(ProjectConfigurationPlatforms) = postSolution
		{EC214CA3-0A39-42A6-9F6F-F8917E3EB14C}.Debug|Any CPU.ActiveCfg = Debug|Any CPU
		{EC214CA3-0A39-42A6-9F6F-F8917E3EB14C}.Debug|Any CPU.Build.0 = Debug|Any CPU
		{EC214CA3-0A39-42A6-9F6F-F8917E3EB14C}.Release|Any CPU.ActiveCfg = Release|Any CPU
		{EC214CA3-0A39-42A6-9F6F-F8917E3EB14C}.Release|Any CPU.Build.0 = Release|Any CPU
		{E6E6DF3A-029B-4510-B986-6FD9E1841838}.Debug|Any CPU.ActiveCfg = Debug|Any CPU
		{E6E6DF3A-029B-4510-B986-6FD9E1841838}.Debug|Any CPU.Build.0 = Debug|Any CPU
		{E6E6DF3A-029B-4510-B986-6FD9E1841838}.Release|Any CPU.ActiveCfg = Release|Any CPU
		{E6E6DF3A-029B-4510-B986-6FD9E1841838}.Release|Any CPU.Build.0 = Release|Any CPU
		{58F56B42-26B4-41FF-822C-CB4E756B0D25}.Debug|Any CPU.ActiveCfg = Debug|Any CPU
		{58F56B42-26B4-41FF-822C-CB4E756B0D25}.Debug|Any CPU.Build.0 = Debug|Any CPU
		{58F56B42-26B4-41FF-822C-CB4E756B0D25}.Release|Any CPU.ActiveCfg = Release|Any CPU
		{58F56B42-26B4-41FF-822C-CB4E756B0D25}.Release|Any CPU.Build.0 = Release|Any CPU
		{91C318D0-B04D-40D5-99D4-AB0BB4F9AE42}.Debug|Any CPU.ActiveCfg = Debug|Any CPU
		{91C318D0-B04D-40D5-99D4-AB0BB4F9AE42}.Debug|Any CPU.Build.0 = Debug|Any CPU
		{91C318D0-B04D-40D5-99D4-AB0BB4F9AE42}.Release|Any CPU.ActiveCfg = Release|Any CPU
		{91C318D0-B04D-40D5-99D4-AB0BB4F9AE42}.Release|Any CPU.Build.0 = Release|Any CPU
		{105AB71C-856C-4A46-96A4-1D61E9358F66}.Debug|Any CPU.ActiveCfg = Debug|Any CPU
		{105AB71C-856C-4A46-96A4-1D61E9358F66}.Debug|Any CPU.Build.0 = Debug|Any CPU
		{105AB71C-856C-4A46-96A4-1D61E9358F66}.Release|Any CPU.ActiveCfg = Release|Any CPU
		{105AB71C-856C-4A46-96A4-1D61E9358F66}.Release|Any CPU.Build.0 = Release|Any CPU
		{C1292FC5-3C47-41D4-8B6F-DCA83B5923F3}.Debug|Any CPU.ActiveCfg = Debug|Any CPU
		{C1292FC5-3C47-41D4-8B6F-DCA83B5923F3}.Debug|Any CPU.Build.0 = Debug|Any CPU
		{C1292FC5-3C47-41D4-8B6F-DCA83B5923F3}.Release|Any CPU.ActiveCfg = Release|Any CPU
		{C1292FC5-3C47-41D4-8B6F-DCA83B5923F3}.Release|Any CPU.Build.0 = Release|Any CPU
	EndGlobalSection
	GlobalSection(SolutionProperties) = preSolution
		HideSolutionNode = FALSE
	EndGlobalSection
	GlobalSection(NestedProjects) = preSolution
		{EC214CA3-0A39-42A6-9F6F-F8917E3EB14C} = {7E673709-934C-431E-A333-B4B5B0B1F6FA}
		{E6E6DF3A-029B-4510-B986-6FD9E1841838} = {7D1DE547-C2A7-495D-AD8E-D43F8287B936}
		{91C318D0-B04D-40D5-99D4-AB0BB4F9AE42} = {6573D41C-1250-4F62-9F47-246D32D314B9}
		{105AB71C-856C-4A46-96A4-1D61E9358F66} = {7E673709-934C-431E-A333-B4B5B0B1F6FA}
		{C1292FC5-3C47-41D4-8B6F-DCA83B5923F3} = {7E673709-934C-431E-A333-B4B5B0B1F6FA}
	EndGlobalSection
EndGlobal
